
Microsoft Visual Studio Solution File, Format Version 12.00
# Visual Studio Version 17
VisualStudioVersion = 17.6.33815.320
MinimumVisualStudioVersion = 10.0.40219.1
Project("{8BC9CEB8-8B4A-11D0-8D11-00A0C91BC942}") = "StaticLibrary", "StaticLibrary\StaticLibrary.vcxproj", "{FA93A3E4-82F1-4139-A6DF-B740FB5F074D}"
EndProject
Project("{8BC9CEB8-8B4A-11D0-8D11-00A0C91BC942}") = "Opdracht 1", "Opdracht 1\Opdracht 1.vcxproj", "{66F1D63B-5C92-4C03-A578-81BDF60AFE95}"
	ProjectSection(ProjectDependencies) = postProject
		{3D6786F3-826F-4CBB-9EB4-BF186B533731} = {3D6786F3-826F-4CBB-9EB4-BF186B533731}
		{FA93A3E4-82F1-4139-A6DF-B740FB5F074D} = {FA93A3E4-82F1-4139-A6DF-B740FB5F074D}
	EndProjectSection
EndProject
Project("{8BC9CEB8-8B4A-11D0-8D11-00A0C91BC942}") = "DynamicLibrary", "DynamicLibrary\DynamicLibrary.vcxproj", "{3D6786F3-826F-4CBB-9EB4-BF186B533731}"
EndProject
Global
	GlobalSection(SolutionConfigurationPlatforms) = preSolution
		Debug|x64 = Debug|x64
		Debug|x86 = Debug|x86
		Release|x64 = Release|x64
		Release|x86 = Release|x86
	EndGlobalSection
	GlobalSection(ProjectConfigurationPlatforms) = postSolution
		{FA93A3E4-82F1-4139-A6DF-B740FB5F074D}.Debug|x64.ActiveCfg = Debug|x64
		{FA93A3E4-82F1-4139-A6DF-B740FB5F074D}.Debug|x64.Build.0 = Debug|x64
		{FA93A3E4-82F1-4139-A6DF-B740FB5F074D}.Debug|x86.ActiveCfg = Debug|Win32
		{FA93A3E4-82F1-4139-A6DF-B740FB5F074D}.Debug|x86.Build.0 = Debug|Win32
		{FA93A3E4-82F1-4139-A6DF-B740FB5F074D}.Release|x64.ActiveCfg = Release|x64
		{FA93A3E4-82F1-4139-A6DF-B740FB5F074D}.Release|x64.Build.0 = Release|x64
		{FA93A3E4-82F1-4139-A6DF-B740FB5F074D}.Release|x86.ActiveCfg = Release|Win32
		{FA93A3E4-82F1-4139-A6DF-B740FB5F074D}.Release|x86.Build.0 = Release|Win32
		{66F1D63B-5C92-4C03-A578-81BDF60AFE95}.Debug|x64.ActiveCfg = Debug|x64
		{66F1D63B-5C92-4C03-A578-81BDF60AFE95}.Debug|x64.Build.0 = Debug|x64
		{66F1D63B-5C92-4C03-A578-81BDF60AFE95}.Debug|x86.ActiveCfg = Debug|Win32
		{66F1D63B-5C92-4C03-A578-81BDF60AFE95}.Debug|x86.Build.0 = Debug|Win32
		{66F1D63B-5C92-4C03-A578-81BDF60AFE95}.Release|x64.ActiveCfg = Release|x64
		{66F1D63B-5C92-4C03-A578-81BDF60AFE95}.Release|x64.Build.0 = Release|x64
		{66F1D63B-5C92-4C03-A578-81BDF60AFE95}.Release|x86.ActiveCfg = Release|Win32
		{66F1D63B-5C92-4C03-A578-81BDF60AFE95}.Release|x86.Build.0 = Release|Win32
		{3D6786F3-826F-4CBB-9EB4-BF186B533731}.Debug|x64.ActiveCfg = Debug|x64
		{3D6786F3-826F-4CBB-9EB4-BF186B533731}.Debug|x64.Build.0 = Debug|x64
		{3D6786F3-826F-4CBB-9EB4-BF186B533731}.Debug|x86.ActiveCfg = Debug|Win32
		{3D6786F3-826F-4CBB-9EB4-BF186B533731}.Debug|x86.Build.0 = Debug|Win32
		{3D6786F3-826F-4CBB-9EB4-BF186B533731}.Release|x64.ActiveCfg = Release|x64
		{3D6786F3-826F-4CBB-9EB4-BF186B533731}.Release|x64.Build.0 = Release|x64
		{3D6786F3-826F-4CBB-9EB4-BF186B533731}.Release|x86.ActiveCfg = Release|Win32
		{3D6786F3-826F-4CBB-9EB4-BF186B533731}.Release|x86.Build.0 = Release|Win32
	EndGlobalSection
	GlobalSection(SolutionProperties) = preSolution
		HideSolutionNode = FALSE
	EndGlobalSection
	GlobalSection(ExtensibilityGlobals) = postSolution
		SolutionGuid = {310FC70E-68A6-464B-B74E-C775AF9BE79B}
	EndGlobalSection
EndGlobal
